
Microsoft Visual Studio Solution File, Format Version 12.00
# Visual Studio Version 17
VisualStudioVersion = 17.4.33205.214
MinimumVisualStudioVersion = 10.0.40219.1
Project("{9A19103F-16F7-4668-BE54-9A1E7A4F7556}") = "Exadel.Compreface", "Exadel.Compreface\Exadel.Compreface.csproj", "{F056624D-D598-4D8A-82C3-D64A7E395B3E}"
EndProject
Project("{9A19103F-16F7-4668-BE54-9A1E7A4F7556}") = "Exadel.Compreface.AcceptenceTests", "Exadel.Compreface.AcceptenceTests\Exadel.Compreface.AcceptenceTests.csproj", "{84E10A9B-1C7A-4C63-916C-31A2A0C784DB}"
EndProject
Project("{9A19103F-16F7-4668-BE54-9A1E7A4F7556}") = "Example", "Example\Example.csproj", "{84797413-7869-42E3-A017-06F1D02ACBE5}"
EndProject
Project("{FAE04EC0-301F-11D3-BF4B-00C04F79EFBC}") = "SimpleExample", "SimpleExample\SimpleExample.csproj", "{890894DF-103F-4400-A545-3004524598B2}"
EndProject
Global
	GlobalSection(SolutionConfigurationPlatforms) = preSolution
		Debug|Any CPU = Debug|Any CPU
		Release|Any CPU = Release|Any CPU
	EndGlobalSection
	GlobalSection(ProjectConfigurationPlatforms) = postSolution
		{F056624D-D598-4D8A-82C3-D64A7E395B3E}.Debug|Any CPU.ActiveCfg = Debug|Any CPU
		{F056624D-D598-4D8A-82C3-D64A7E395B3E}.Debug|Any CPU.Build.0 = Debug|Any CPU
		{F056624D-D598-4D8A-82C3-D64A7E395B3E}.Release|Any CPU.ActiveCfg = Release|Any CPU
		{F056624D-D598-4D8A-82C3-D64A7E395B3E}.Release|Any CPU.Build.0 = Release|Any CPU
		{84E10A9B-1C7A-4C63-916C-31A2A0C784DB}.Debug|Any CPU.ActiveCfg = Debug|Any CPU
		{84E10A9B-1C7A-4C63-916C-31A2A0C784DB}.Debug|Any CPU.Build.0 = Debug|Any CPU
		{84E10A9B-1C7A-4C63-916C-31A2A0C784DB}.Release|Any CPU.ActiveCfg = Release|Any CPU
		{84E10A9B-1C7A-4C63-916C-31A2A0C784DB}.Release|Any CPU.Build.0 = Release|Any CPU
		{84797413-7869-42E3-A017-06F1D02ACBE5}.Debug|Any CPU.ActiveCfg = Debug|Any CPU
		{84797413-7869-42E3-A017-06F1D02ACBE5}.Debug|Any CPU.Build.0 = Debug|Any CPU
		{84797413-7869-42E3-A017-06F1D02ACBE5}.Release|Any CPU.ActiveCfg = Release|Any CPU
		{84797413-7869-42E3-A017-06F1D02ACBE5}.Release|Any CPU.Build.0 = Release|Any CPU
		{890894DF-103F-4400-A545-3004524598B2}.Debug|Any CPU.ActiveCfg = Debug|Any CPU
		{890894DF-103F-4400-A545-3004524598B2}.Debug|Any CPU.Build.0 = Debug|Any CPU
		{890894DF-103F-4400-A545-3004524598B2}.Release|Any CPU.ActiveCfg = Release|Any CPU
		{890894DF-103F-4400-A545-3004524598B2}.Release|Any CPU.Build.0 = Release|Any CPU
	EndGlobalSection
	GlobalSection(SolutionProperties) = preSolution
		HideSolutionNode = FALSE
	EndGlobalSection
	GlobalSection(ExtensibilityGlobals) = postSolution
		SolutionGuid = {4F554D1E-BD8B-4DB5-9474-64B2BE1D2D8C}
	EndGlobalSection
EndGlobal
