
Microsoft Visual Studio Solution File, Format Version 12.00
# Visual Studio Version 17
VisualStudioVersion = 17.4.33205.214
MinimumVisualStudioVersion = 10.0.40219.1
Project("{9A19103F-16F7-4668-BE54-9A1E7A4F7556}") = "Exadel.Compreface", "Exadel.Compreface\Exadel.Compreface.csproj", "{F056624D-D598-4D8A-82C3-D64A7E395B3E}"
EndProject
Project("{9A19103F-16F7-4668-BE54-9A1E7A4F7556}") = "Exadel.Compreface.UnitTests", "Exadel.Compreface.UnitTests\Exadel.Compreface.UnitTests.csproj", "{BA070E01-7A81-40D5-A470-740DACBF3B01}"
EndProject
Project("{9A19103F-16F7-4668-BE54-9A1E7A4F7556}") = "Exadel.Compreface.AcceptenceTests", "Exadel.Compreface.AcceptenceTests\Exadel.Compreface.AcceptenceTests.csproj", "{84E10A9B-1C7A-4C63-916C-31A2A0C784DB}"
EndProject
Project("{9A19103F-16F7-4668-BE54-9A1E7A4F7556}") = "Example", "Example\Example.csproj", "{84797413-7869-42E3-A017-06F1D02ACBE5}"
EndProject
Project("{9A19103F-16F7-4668-BE54-9A1E7A4F7556}") = "RecognitionExampleApp", "RecognitionExampleApp\RecognitionExampleApp.csproj", "{26333587-6B01-48E9-A316-43CE0193F00B}"
EndProject
Global
	GlobalSection(SolutionConfigurationPlatforms) = preSolution
		Debug|Any CPU = Debug|Any CPU
		Release|Any CPU = Release|Any CPU
	EndGlobalSection
	GlobalSection(ProjectConfigurationPlatforms) = postSolution
		{F056624D-D598-4D8A-82C3-D64A7E395B3E}.Debug|Any CPU.ActiveCfg = Debug|Any CPU
		{F056624D-D598-4D8A-82C3-D64A7E395B3E}.Debug|Any CPU.Build.0 = Debug|Any CPU
		{F056624D-D598-4D8A-82C3-D64A7E395B3E}.Release|Any CPU.ActiveCfg = Release|Any CPU
		{F056624D-D598-4D8A-82C3-D64A7E395B3E}.Release|Any CPU.Build.0 = Release|Any CPU
		{BA070E01-7A81-40D5-A470-740DACBF3B01}.Debug|Any CPU.ActiveCfg = Debug|Any CPU
		{BA070E01-7A81-40D5-A470-740DACBF3B01}.Debug|Any CPU.Build.0 = Debug|Any CPU
		{BA070E01-7A81-40D5-A470-740DACBF3B01}.Release|Any CPU.ActiveCfg = Release|Any CPU
		{BA070E01-7A81-40D5-A470-740DACBF3B01}.Release|Any CPU.Build.0 = Release|Any CPU
		{84E10A9B-1C7A-4C63-916C-31A2A0C784DB}.Debug|Any CPU.ActiveCfg = Debug|Any CPU
		{84E10A9B-1C7A-4C63-916C-31A2A0C784DB}.Debug|Any CPU.Build.0 = Debug|Any CPU
		{84E10A9B-1C7A-4C63-916C-31A2A0C784DB}.Release|Any CPU.ActiveCfg = Release|Any CPU
		{84E10A9B-1C7A-4C63-916C-31A2A0C784DB}.Release|Any CPU.Build.0 = Release|Any CPU
		{84797413-7869-42E3-A017-06F1D02ACBE5}.Debug|Any CPU.ActiveCfg = Debug|Any CPU
		{84797413-7869-42E3-A017-06F1D02ACBE5}.Debug|Any CPU.Build.0 = Debug|Any CPU
		{84797413-7869-42E3-A017-06F1D02ACBE5}.Release|Any CPU.ActiveCfg = Release|Any CPU
		{84797413-7869-42E3-A017-06F1D02ACBE5}.Release|Any CPU.Build.0 = Release|Any CPU
		{26333587-6B01-48E9-A316-43CE0193F00B}.Debug|Any CPU.ActiveCfg = Debug|Any CPU
		{26333587-6B01-48E9-A316-43CE0193F00B}.Debug|Any CPU.Build.0 = Debug|Any CPU
		{26333587-6B01-48E9-A316-43CE0193F00B}.Release|Any CPU.ActiveCfg = Release|Any CPU
		{26333587-6B01-48E9-A316-43CE0193F00B}.Release|Any CPU.Build.0 = Release|Any CPU
	EndGlobalSection
	GlobalSection(SolutionProperties) = preSolution
		HideSolutionNode = FALSE
	EndGlobalSection
	GlobalSection(ExtensibilityGlobals) = postSolution
		SolutionGuid = {4F554D1E-BD8B-4DB5-9474-64B2BE1D2D8C}
	EndGlobalSection
EndGlobal
