
Microsoft Visual Studio Solution File, Format Version 12.00
# Visual Studio Version 17
VisualStudioVersion = 17.4.33205.214
MinimumVisualStudioVersion = 10.0.40219.1
Project("{9A19103F-16F7-4668-BE54-9A1E7A4F7556}") = "Exadel.Compreface", "Exadel.Compreface\Exadel.Compreface.csproj", "{F056624D-D598-4D8A-82C3-D64A7E395B3E}"
EndProject
Project("{9A19103F-16F7-4668-BE54-9A1E7A4F7556}") = "Exadel.Compreface.UnitTests", "Exadel.Compreface.UnitTests\Exadel.Compreface.UnitTests.csproj", "{BA070E01-7A81-40D5-A470-740DACBF3B01}"
EndProject
Project("{9A19103F-16F7-4668-BE54-9A1E7A4F7556}") = "Exadel.Compreface.SubjectExampleSrviceTest", "Exadel.Compreface.AcceptenceTests\Exadel.Compreface.SubjectExampleSrviceTest.csproj", "{84E10A9B-1C7A-4C63-916C-31A2A0C784DB}"
EndProject
Project("{FAE04EC0-301F-11D3-BF4B-00C04F79EFBC}") = "Exadel.Compreface.FaceDetectionServiceTest", "Exadel.Compreface.FaceDetectionServiceTest\Exadel.Compreface.FaceDetectionServiceTest.csproj", "{BDD3D950-6718-46CD-8A8B-1341D7771E68}"
EndProject
Project("{FAE04EC0-301F-11D3-BF4B-00C04F79EFBC}") = "Exadel.Compreface.FaceVerificationServiceTest", "Exadel.Compreface.FaceVerificationServiceTest\Exadel.Compreface.FaceVerificationServiceTest.csproj", "{36B9798E-A5B9-4C8E-9176-94FE3813DD3B}"
EndProject
Project("{FAE04EC0-301F-11D3-BF4B-00C04F79EFBC}") = "Exadel.Compreface.FaceRecognitionServiceTest", "Exadel.Compreface.FaceRecognitionServiceTest\Exadel.Compreface.FaceRecognitionServiceTest.csproj", "{947241AB-C702-4D68-A954-F4783536C87D}"
EndProject
Project("{FAE04EC0-301F-11D3-BF4B-00C04F79EFBC}") = "Exadel.Compreface.SubjectServiceTest", "Exadel.Compreface.SubjectServiceTest\Exadel.Compreface.SubjectServiceTest.csproj", "{E730D7A3-811B-4ABE-948B-44389B9EC807}"
EndProject
Global
	GlobalSection(SolutionConfigurationPlatforms) = preSolution
		Debug|Any CPU = Debug|Any CPU
		Release|Any CPU = Release|Any CPU
	EndGlobalSection
	GlobalSection(ProjectConfigurationPlatforms) = postSolution
		{F056624D-D598-4D8A-82C3-D64A7E395B3E}.Debug|Any CPU.ActiveCfg = Debug|Any CPU
		{F056624D-D598-4D8A-82C3-D64A7E395B3E}.Debug|Any CPU.Build.0 = Debug|Any CPU
		{F056624D-D598-4D8A-82C3-D64A7E395B3E}.Release|Any CPU.ActiveCfg = Release|Any CPU
		{F056624D-D598-4D8A-82C3-D64A7E395B3E}.Release|Any CPU.Build.0 = Release|Any CPU
		{BA070E01-7A81-40D5-A470-740DACBF3B01}.Debug|Any CPU.ActiveCfg = Debug|Any CPU
		{BA070E01-7A81-40D5-A470-740DACBF3B01}.Debug|Any CPU.Build.0 = Debug|Any CPU
		{BA070E01-7A81-40D5-A470-740DACBF3B01}.Release|Any CPU.ActiveCfg = Release|Any CPU
		{BA070E01-7A81-40D5-A470-740DACBF3B01}.Release|Any CPU.Build.0 = Release|Any CPU
		{84E10A9B-1C7A-4C63-916C-31A2A0C784DB}.Debug|Any CPU.ActiveCfg = Debug|Any CPU
		{84E10A9B-1C7A-4C63-916C-31A2A0C784DB}.Debug|Any CPU.Build.0 = Debug|Any CPU
		{84E10A9B-1C7A-4C63-916C-31A2A0C784DB}.Release|Any CPU.ActiveCfg = Release|Any CPU
		{84E10A9B-1C7A-4C63-916C-31A2A0C784DB}.Release|Any CPU.Build.0 = Release|Any CPU
		{BDD3D950-6718-46CD-8A8B-1341D7771E68}.Debug|Any CPU.ActiveCfg = Debug|Any CPU
		{BDD3D950-6718-46CD-8A8B-1341D7771E68}.Debug|Any CPU.Build.0 = Debug|Any CPU
		{BDD3D950-6718-46CD-8A8B-1341D7771E68}.Release|Any CPU.ActiveCfg = Release|Any CPU
		{BDD3D950-6718-46CD-8A8B-1341D7771E68}.Release|Any CPU.Build.0 = Release|Any CPU
		{36B9798E-A5B9-4C8E-9176-94FE3813DD3B}.Debug|Any CPU.ActiveCfg = Debug|Any CPU
		{36B9798E-A5B9-4C8E-9176-94FE3813DD3B}.Debug|Any CPU.Build.0 = Debug|Any CPU
		{36B9798E-A5B9-4C8E-9176-94FE3813DD3B}.Release|Any CPU.ActiveCfg = Release|Any CPU
		{36B9798E-A5B9-4C8E-9176-94FE3813DD3B}.Release|Any CPU.Build.0 = Release|Any CPU
		{947241AB-C702-4D68-A954-F4783536C87D}.Debug|Any CPU.ActiveCfg = Debug|Any CPU
		{947241AB-C702-4D68-A954-F4783536C87D}.Debug|Any CPU.Build.0 = Debug|Any CPU
		{947241AB-C702-4D68-A954-F4783536C87D}.Release|Any CPU.ActiveCfg = Release|Any CPU
		{947241AB-C702-4D68-A954-F4783536C87D}.Release|Any CPU.Build.0 = Release|Any CPU
		{E730D7A3-811B-4ABE-948B-44389B9EC807}.Debug|Any CPU.ActiveCfg = Debug|Any CPU
		{E730D7A3-811B-4ABE-948B-44389B9EC807}.Debug|Any CPU.Build.0 = Debug|Any CPU
		{E730D7A3-811B-4ABE-948B-44389B9EC807}.Release|Any CPU.ActiveCfg = Release|Any CPU
		{E730D7A3-811B-4ABE-948B-44389B9EC807}.Release|Any CPU.Build.0 = Release|Any CPU
	EndGlobalSection
	GlobalSection(SolutionProperties) = preSolution
		HideSolutionNode = FALSE
	EndGlobalSection
	GlobalSection(ExtensibilityGlobals) = postSolution
		SolutionGuid = {4F554D1E-BD8B-4DB5-9474-64B2BE1D2D8C}
	EndGlobalSection
EndGlobal
